
Microsoft Visual Studio Solution File, Format Version 12.00
# Visual Studio Version 17
VisualStudioVersion = 17.5.33627.172
MinimumVisualStudioVersion = 10.0.40219.1
Project("{FAE04EC0-301F-11D3-BF4B-00C04F79EFBC}") = "UC5PATTERN", "UC5PATTERN.csproj", "{3D7F7398-1B56-401C-982E-E4375047C240}"
EndProject
Global
	GlobalSection(SolutionConfigurationPlatforms) = preSolution
		Debug|Any CPU = Debug|Any CPU
		Release|Any CPU = Release|Any CPU
	EndGlobalSection
	GlobalSection(ProjectConfigurationPlatforms) = postSolution
		{3D7F7398-1B56-401C-982E-E4375047C240}.Debug|Any CPU.ActiveCfg = Debug|Any CPU
		{3D7F7398-1B56-401C-982E-E4375047C240}.Debug|Any CPU.Build.0 = Debug|Any CPU
		{3D7F7398-1B56-401C-982E-E4375047C240}.Release|Any CPU.ActiveCfg = Release|Any CPU
		{3D7F7398-1B56-401C-982E-E4375047C240}.Release|Any CPU.Build.0 = Release|Any CPU
	EndGlobalSection
	GlobalSection(SolutionProperties) = preSolution
		HideSolutionNode = FALSE
	EndGlobalSection
	GlobalSection(ExtensibilityGlobals) = postSolution
		SolutionGuid = {09E8C372-F7B5-48F5-B649-59E3714F46FC}
	EndGlobalSection
EndGlobal
